PODS:
  - CocoaLumberjack (3.2.1):
    - CocoaLumberjack/Default (= 3.2.1)
    - CocoaLumberjack/Extensions (= 3.2.1)
  - CocoaLumberjack/Default (3.2.1)
  - CocoaLumberjack/Extensions (3.2.1):
    - CocoaLumberjack/Default
  - Crashlytics (3.14.0):
    - Fabric (~> 1.10.2)
  - Fabric (1.10.2)
  - Firebase/CoreOnly (7.10.0):
    - FirebaseCore (= 7.10.0)
  - Firebase/Crashlytics (7.10.0):
    - Firebase/CoreOnly
    - FirebaseCrashlytics (~> 7.10.0)
  - FirebaseCore (7.10.0):
    - FirebaseCoreDiagnostics (~> 7.4)
    - GoogleUtilities/Environment (~> 7.0)
    - GoogleUtilities/Logger (~> 7.0)
  - FirebaseCoreDiagnostics (7.11.0):
    - GoogleDataTransport (~> 8.4)
    - GoogleUtilities/Environment (~> 7.0)
    - GoogleUtilities/Logger (~> 7.0)
    - nanopb (~> 2.30908.0)
  - FirebaseCrashlytics (7.10.0):
    - FirebaseCore (~> 7.0)
    - FirebaseInstallations (~> 7.0)
    - GoogleDataTransport (~> 8.4)
    - nanopb (~> 2.30908.0)
    - PromisesObjC (~> 1.2)
  - FirebaseInstallations (7.11.0):
    - FirebaseCore (~> 7.0)
    - GoogleUtilities/Environment (~> 7.0)
    - GoogleUtilities/UserDefaults (~> 7.0)
    - PromisesObjC (~> 1.2)
  - FLAnimatedImage (1.0.16)
  - FMDB (2.7.5):
    - FMDB/standard (= 2.7.5)
  - FMDB/standard (2.7.5)
  - GoogleDataTransport (8.4.0):
    - GoogleUtilities/Environment (~> 7.2)
    - nanopb (~> 2.30908.0)
    - PromisesObjC (~> 1.2)
  - GoogleUtilities/Environment (7.4.1):
    - PromisesObjC (~> 1.2)
  - GoogleUtilities/Logger (7.4.1):
    - GoogleUtilities/Environment
  - GoogleUtilities/UserDefaults (7.4.1):
    - GoogleUtilities/Logger
  - M80AttributedLabel (1.9.9)
  - nanopb (2.30908.0):
    - nanopb/decode (= 2.30908.0)
    - nanopb/encode (= 2.30908.0)
  - nanopb/decode (2.30908.0)
  - nanopb/encode (2.30908.0)
  - NIMSDK (8.4.4)
  - PromisesObjC (1.2.12)
  - Reachability (3.2)
  - SDWebImage (5.0.6):
    - SDWebImage/Core (= 5.0.6)
  - SDWebImage/Core (5.0.6)
  - SDWebImageFLPlugin (0.3.0):
    - FLAnimatedImage (>= 1.0.11)
    - SDWebImage/Core (~> 5.0)
  - SSZipArchive (1.8.1)
  - SVProgressHUD (2.1.2)
  - Toast (3.1.0)
  - TZImagePickerController (3.5.9)
  - YYImage (1.0.4):
    - YYImage/Core (= 1.0.4)
  - YYImage/Core (1.0.4)
  - YYImage/WebP (1.0.4):
    - YYImage/Core

DEPENDENCIES:
  - CocoaLumberjack (~> 3.2.1)
  - Crashlytics
  - Fabric
  - Firebase/Crashlytics (~> 7.10.0)
  - FMDB (~> 2.7.2)
  - M80AttributedLabel (~> 1.9.9)
  - NIMSDK (= 8.4.4)
  - Reachability (~> 3.2)
  - SDWebImage (~> 5.0.6)
  - SDWebImageFLPlugin (~> 0.3.0)
  - SSZipArchive (~> 1.8.1)
  - SVProgressHUD (~> 2.1.2)
  - Toast (~> 3.0)
  - TZImagePickerController (~> 3.5.2)
  - YYImage
  - YYImage/WebP

SPEC REPOS:
  trunk:
    - CocoaLumberjack
    - Crashlytics
    - Fabric
    - Firebase
    - FirebaseCore
    - FirebaseCoreDiagnostics
    - FirebaseCrashlytics
    - FirebaseInstallations
    - FLAnimatedImage
    - FMDB
    - GoogleDataTransport
    - GoogleUtilities
    - M80AttributedLabel
    - nanopb
    - NIMSDK
    - PromisesObjC
    - Reachability
    - SDWebImage
    - SDWebImageFLPlugin
    - SSZipArchive
    - SVProgressHUD
    - Toast
    - TZImagePickerController
    - YYImage

SPEC CHECKSUMS:
  CocoaLumberjack: 2800c03334042fe80589423c8d80e582dcaec482
  Crashlytics: 9220f5bc89e7a618df411b4f639389dbfb0e03d2
  Fabric: ea977e3cd9c20425516d3dafd3bf8c941c51223f
  Firebase: fffddd0bab8677d07376538365faa93ff3889b39
  FirebaseCore: ec566d917b2195fc2610aeb148dae99f57a788f9
  FirebaseCoreDiagnostics: 68ad972f99206cef818230f3f3179d52ccfb7f8c
  FirebaseCrashlytics: e7669d368a22d202f1d0c7546ffdfdff496e1a8c
  FirebaseInstallations: a58d4f72ec5861840b84df489f2668d970df558a
  FLAnimatedImage: 8f3e854ebf9680b71f0b6e700939687fc4d82b4b
  FMDB: 2ce00b547f966261cd18927a3ddb07cb6f3db82a
  GoogleDataTransport: cd9db2180fcecd8da1b561aea31e3e56cf834aa7
  GoogleUtilities: f8a43108b38a68eebe8b3540e1f4f2d28843ce20
  M80AttributedLabel: 77fedfe63804c989a6de0fa4d400ea8cad3ab441
  nanopb: a0ba3315591a9ae0a16a309ee504766e90db0c96
  NIMSDK: 0fe61086ab2ae67ba0069411efb8aab4123b0ef7
  PromisesObjC: 3113f7f76903778cf4a0586bd1ab89329a0b7b97
  Reachability: 33e18b67625424e47b6cde6d202dce689ad7af96
  SDWebImage: 920f1a2ff1ca8296ad34f6e0510a1ef1d70ac965
  SDWebImageFLPlugin: cf3f4ae49f249dd785129346fd61bbc8433a88cf
  SSZipArchive: 04547dfa448be5ed7ecbaf7eaf8a6e9eb9b42997
  SVProgressHUD: c404a55d78acbeb7ebb78b76d3faf986475a6994
  Toast: 14a93686d6c8bfe2727afd342414e35660a8a1f3
  TZImagePickerController: 07a2f834f4908689759a7e54f74e9a018e047cb6
  YYImage: 1e1b62a9997399593e4b9c4ecfbbabbf1d3f3b54

PODFILE CHECKSUM: e25ba8569067cec0f4d0e447870bc602e4890b4f

COCOAPODS: 1.10.1
