// !$*UTF8*$!
{
	archiveVersion = 1;
	classes = {
	};
	objectVersion = 50;
	objects = {

/* Begin PBXBuildFile section */
		4852E1712623F3E100B4C42E /* NERtcCallOptions.h in Headers */ = {isa = PBXBuildFile; fileRef = 48F6E6212563CF7E00624D6A /* NERtcCallOptions.h */; settings = {ATTRIBUTES = (Public, ); }; };
		4852E1722623F3F400B4C42E /* NERtcCallKitDelegateProxy.h in Headers */ = {isa = PBXBuildFile; fileRef = 48F6E61E2563CF7E00624D6A /* NERtcCallKitDelegateProxy.h */; };
		4852E1732623F3F400B4C42E /* NERtcCallKitContext.h in Headers */ = {isa = PBXBuildFile; fileRef = 48E73EEC256CE0F2002B841A /* NERtcCallKitContext.h */; };
		4852E1742623F3F400B4C42E /* NERtcCallKit+Private.h in Headers */ = {isa = PBXBuildFile; fileRef = 48E73EF6256CF4F6002B841A /* NERtcCallKit+Private.h */; };
		4852E1752623F3F400B4C42E /* NERtcCallKitConsts.h in Headers */ = {isa = PBXBuildFile; fileRef = 48F6E6202563CF7E00624D6A /* NERtcCallKitConsts.h */; settings = {ATTRIBUTES = (Public, ); }; };
		4852E1762623F3F400B4C42E /* NERtcCallKitErrors.h in Headers */ = {isa = PBXBuildFile; fileRef = 48EB8B16256E0AA7000CE58F /* NERtcCallKitErrors.h */; };
		4852E1772623F3F400B4C42E /* NERtcCallKitUtils.h in Headers */ = {isa = PBXBuildFile; fileRef = 48E73EEF256CE1DF002B841A /* NERtcCallKitUtils.h */; };
		4852E1782623F3F400B4C42E /* INERtcCallStatus.h in Headers */ = {isa = PBXBuildFile; fileRef = 48E73EE3256CB4F5002B841A /* INERtcCallStatus.h */; };
		4852E1792623F3F400B4C42E /* NERtcCallStatusIdleImpl.h in Headers */ = {isa = PBXBuildFile; fileRef = 48E73EE4256CB558002B841A /* NERtcCallStatusIdleImpl.h */; };
		4852E17A2623F3F400B4C42E /* NERtcCallStatusCallingImpl.h in Headers */ = {isa = PBXBuildFile; fileRef = 48E73EF3256CEC4C002B841A /* NERtcCallStatusCallingImpl.h */; };
		4852E17B2623F3F400B4C42E /* NERtcCallStatusCalledImpl.h in Headers */ = {isa = PBXBuildFile; fileRef = 48E73EF9256D0A84002B841A /* NERtcCallStatusCalledImpl.h */; };
		4852E17C2623F3F400B4C42E /* NERtcCallStatusInCallImpl.h in Headers */ = {isa = PBXBuildFile; fileRef = 48E73EFC256D2BD8002B841A /* NERtcCallStatusInCallImpl.h */; };
		4852E17D2623F40700B4C42E /* NERtcCallKit.m in Sources */ = {isa = PBXBuildFile; fileRef = 48F6E6232563CF7E00624D6A /* NERtcCallKit.m */; };
		4852E17E2623F40700B4C42E /* NERtcCallKitDelegateProxy.m in Sources */ = {isa = PBXBuildFile; fileRef = 48F6E6242563CF7E00624D6A /* NERtcCallKitDelegateProxy.m */; };
		4852E17F2623F40700B4C42E /* NERtcCallOptions.m in Sources */ = {isa = PBXBuildFile; fileRef = 48F6E6222563CF7E00624D6A /* NERtcCallOptions.m */; };
		4852E1802623F40700B4C42E /* NERtcCallKitContext.m in Sources */ = {isa = PBXBuildFile; fileRef = 48E73EED256CE0F2002B841A /* NERtcCallKitContext.m */; };
		4852E1812623F40700B4C42E /* NERtcCallKit+Private.m in Sources */ = {isa = PBXBuildFile; fileRef = 4820BE8C261478940043D913 /* NERtcCallKit+Private.m */; };
		4852E1822623F40700B4C42E /* NERtcCallKitUtils.m in Sources */ = {isa = PBXBuildFile; fileRef = 48E73EF0256CE1DF002B841A /* NERtcCallKitUtils.m */; };
		4852E1832623F40700B4C42E /* NERtcCallStatusIdleImpl.m in Sources */ = {isa = PBXBuildFile; fileRef = 48E73EE5256CB558002B841A /* NERtcCallStatusIdleImpl.m */; };
		4852E1842623F40700B4C42E /* NERtcCallStatusCallingImpl.m in Sources */ = {isa = PBXBuildFile; fileRef = 48E73EF4256CEC4C002B841A /* NERtcCallStatusCallingImpl.m */; };
		4852E1852623F40700B4C42E /* NERtcCallStatusCalledImpl.m in Sources */ = {isa = PBXBuildFile; fileRef = 48E73EFA256D0A84002B841A /* NERtcCallStatusCalledImpl.m */; };
		4852E1862623F40700B4C42E /* NERtcCallStatusInCallImpl.m in Sources */ = {isa = PBXBuildFile; fileRef = 48E73EFD256D2BD8002B841A /* NERtcCallStatusInCallImpl.m */; };
		487B50842625436E0032B323 /* NERtcCallKit.h in Headers */ = {isa = PBXBuildFile; fileRef = 48F6E61F2563CF7E00624D6A /* NERtcCallKit.h */; settings = {ATTRIBUTES = (Public, ); }; };
		48BC605B262440CB00603713 /* NERtcCallKitCompat_1_0_0.h in Headers */ = {isa = PBXBuildFile; fileRef = 48BC6059262440CB00603713 /* NERtcCallKitCompat_1_0_0.h */; };
		48BC605C262440CB00603713 /* NERtcCallKitCompat_1_0_0.m in Sources */ = {isa = PBXBuildFile; fileRef = 48BC605A262440CB00603713 /* NERtcCallKitCompat_1_0_0.m */; };
		48BC605F262440E900603713 /* NERtcCallKitCompat_1_1_0.h in Headers */ = {isa = PBXBuildFile; fileRef = 48BC605D262440E900603713 /* NERtcCallKitCompat_1_1_0.h */; };
		48BC6060262440E900603713 /* NERtcCallKitCompat_1_1_0.m in Sources */ = {isa = PBXBuildFile; fileRef = 48BC605E262440E900603713 /* NERtcCallKitCompat_1_1_0.m */; };
		48BC606326244AF500603713 /* NERtcCallKitCompatFactory.h in Headers */ = {isa = PBXBuildFile; fileRef = 48BC606126244AF500603713 /* NERtcCallKitCompatFactory.h */; };
		48BC606426244AF500603713 /* NERtcCallKitCompatFactory.m in Sources */ = {isa = PBXBuildFile; fileRef = 48BC606226244AF500603713 /* NERtcCallKitCompatFactory.m */; };
		48BC606A26244B2D00603713 /* INERtcCallKitCompat.h in Headers */ = {isa = PBXBuildFile; fileRef = 48BC606926244B2D00603713 /* INERtcCallKitCompat.h */; };
		48F70BE72636534500BDF493 /* NERtcCallKitLog.h in Headers */ = {isa = PBXBuildFile; fileRef = 48F70BE52636534500BDF493 /* NERtcCallKitLog.h */; };
		48F70BE82636534500BDF493 /* NERtcCallKitLog.m in Sources */ = {isa = PBXBuildFile; fileRef = 48F70BE62636534500BDF493 /* NERtcCallKitLog.m */; };
		48F70BEA2636554100BDF493 /* NERtcCallKit-Prefix.h in Headers */ = {isa = PBXBuildFile; fileRef = 48F70BE92636554100BDF493 /* NERtcCallKit-Prefix.h */; };
		FA3C6A1FFE2A94B2614CCC44 /* libPods-NIMDemo-NERtcCallKit.a in Frameworks */ = {isa = PBXBuildFile; fileRef = C708128EB14DCDFF6CCC2127 /* libPods-NIMDemo-NERtcCallKit.a */; };
/* End PBXBuildFile section */

/* Begin PBXFileReference section */
		2A7C05027BB592A027661DD8 /* Pods-NIMDemo-NERtcCallKit.release.xcconfig */ = {isa = PBXFileReference; includeInIndex = 1; lastKnownFileType = text.xcconfig; name = "Pods-NIMDemo-NERtcCallKit.release.xcconfig"; path = "Target Support Files/Pods-NIMDemo-NERtcCallKit/Pods-NIMDemo-NERtcCallKit.release.xcconfig"; sourceTree = "<group>"; };
		4820BE8C261478940043D913 /* NERtcCallKit+Private.m */ = {isa = PBXFileReference; lastKnownFileType = sourcecode.c.objc; path = "NERtcCallKit+Private.m"; sourceTree = "<group>"; };
		4852E1692623F3D600B4C42E /* NERtcCallKit.framework */ = {isa = PBXFileReference; explicitFileType = wrapper.framework; includeInIndex = 0; path = NERtcCallKit.framework; sourceTree = BUILT_PRODUCTS_DIR; };
		4852E16C2623F3D600B4C42E /* Info.plist */ = {isa = PBXFileReference; lastKnownFileType = text.plist.xml; path = Info.plist; sourceTree = "<group>"; };
		48BC6059262440CB00603713 /* NERtcCallKitCompat_1_0_0.h */ = {isa = PBXFileReference; lastKnownFileType = sourcecode.c.h; path = NERtcCallKitCompat_1_0_0.h; sourceTree = "<group>"; };
		48BC605A262440CB00603713 /* NERtcCallKitCompat_1_0_0.m */ = {isa = PBXFileReference; lastKnownFileType = sourcecode.c.objc; path = NERtcCallKitCompat_1_0_0.m; sourceTree = "<group>"; };
		48BC605D262440E900603713 /* NERtcCallKitCompat_1_1_0.h */ = {isa = PBXFileReference; lastKnownFileType = sourcecode.c.h; path = NERtcCallKitCompat_1_1_0.h; sourceTree = "<group>"; };
		48BC605E262440E900603713 /* NERtcCallKitCompat_1_1_0.m */ = {isa = PBXFileReference; lastKnownFileType = sourcecode.c.objc; path = NERtcCallKitCompat_1_1_0.m; sourceTree = "<group>"; };
		48BC606126244AF500603713 /* NERtcCallKitCompatFactory.h */ = {isa = PBXFileReference; lastKnownFileType = sourcecode.c.h; path = NERtcCallKitCompatFactory.h; sourceTree = "<group>"; };
		48BC606226244AF500603713 /* NERtcCallKitCompatFactory.m */ = {isa = PBXFileReference; lastKnownFileType = sourcecode.c.objc; path = NERtcCallKitCompatFactory.m; sourceTree = "<group>"; };
		48BC606926244B2D00603713 /* INERtcCallKitCompat.h */ = {isa = PBXFileReference; lastKnownFileType = sourcecode.c.h; path = INERtcCallKitCompat.h; sourceTree = "<group>"; };
		48E73EE3256CB4F5002B841A /* INERtcCallStatus.h */ = {isa = PBXFileReference; lastKnownFileType = sourcecode.c.h; path = INERtcCallStatus.h; sourceTree = "<group>"; };
		48E73EE4256CB558002B841A /* NERtcCallStatusIdleImpl.h */ = {isa = PBXFileReference; lastKnownFileType = sourcecode.c.h; path = NERtcCallStatusIdleImpl.h; sourceTree = "<group>"; };
		48E73EE5256CB558002B841A /* NERtcCallStatusIdleImpl.m */ = {isa = PBXFileReference; lastKnownFileType = sourcecode.c.objc; path = NERtcCallStatusIdleImpl.m; sourceTree = "<group>"; };
		48E73EEC256CE0F2002B841A /* NERtcCallKitContext.h */ = {isa = PBXFileReference; lastKnownFileType = sourcecode.c.h; path = NERtcCallKitContext.h; sourceTree = "<group>"; };
		48E73EED256CE0F2002B841A /* NERtcCallKitContext.m */ = {isa = PBXFileReference; lastKnownFileType = sourcecode.c.objc; path = NERtcCallKitContext.m; sourceTree = "<group>"; };
		48E73EEF256CE1DF002B841A /* NERtcCallKitUtils.h */ = {isa = PBXFileReference; lastKnownFileType = sourcecode.c.h; path = NERtcCallKitUtils.h; sourceTree = "<group>"; };
		48E73EF0256CE1DF002B841A /* NERtcCallKitUtils.m */ = {isa = PBXFileReference; lastKnownFileType = sourcecode.c.objc; path = NERtcCallKitUtils.m; sourceTree = "<group>"; };
		48E73EF3256CEC4C002B841A /* NERtcCallStatusCallingImpl.h */ = {isa = PBXFileReference; lastKnownFileType = sourcecode.c.h; path = NERtcCallStatusCallingImpl.h; sourceTree = "<group>"; };
		48E73EF4256CEC4C002B841A /* NERtcCallStatusCallingImpl.m */ = {isa = PBXFileReference; lastKnownFileType = sourcecode.c.objc; path = NERtcCallStatusCallingImpl.m; sourceTree = "<group>"; };
		48E73EF6256CF4F6002B841A /* NERtcCallKit+Private.h */ = {isa = PBXFileReference; lastKnownFileType = sourcecode.c.h; path = "NERtcCallKit+Private.h"; sourceTree = "<group>"; };
		48E73EF9256D0A84002B841A /* NERtcCallStatusCalledImpl.h */ = {isa = PBXFileReference; lastKnownFileType = sourcecode.c.h; path = NERtcCallStatusCalledImpl.h; sourceTree = "<group>"; };
		48E73EFA256D0A84002B841A /* NERtcCallStatusCalledImpl.m */ = {isa = PBXFileReference; lastKnownFileType = sourcecode.c.objc; path = NERtcCallStatusCalledImpl.m; sourceTree = "<group>"; };
		48E73EFC256D2BD8002B841A /* NERtcCallStatusInCallImpl.h */ = {isa = PBXFileReference; lastKnownFileType = sourcecode.c.h; path = NERtcCallStatusInCallImpl.h; sourceTree = "<group>"; };
		48E73EFD256D2BD8002B841A /* NERtcCallStatusInCallImpl.m */ = {isa = PBXFileReference; lastKnownFileType = sourcecode.c.objc; path = NERtcCallStatusInCallImpl.m; sourceTree = "<group>"; };
		48EB8B16256E0AA7000CE58F /* NERtcCallKitErrors.h */ = {isa = PBXFileReference; lastKnownFileType = sourcecode.c.h; path = NERtcCallKitErrors.h; sourceTree = "<group>"; };
		48F6E61E2563CF7E00624D6A /* NERtcCallKitDelegateProxy.h */ = {isa = PBXFileReference; fileEncoding = 4; lastKnownFileType = sourcecode.c.h; path = NERtcCallKitDelegateProxy.h; sourceTree = "<group>"; };
		48F6E61F2563CF7E00624D6A /* NERtcCallKit.h */ = {isa = PBXFileReference; fileEncoding = 4; lastKnownFileType = sourcecode.c.h; path = NERtcCallKit.h; sourceTree = "<group>"; };
		48F6E6202563CF7E00624D6A /* NERtcCallKitConsts.h */ = {isa = PBXFileReference; fileEncoding = 4; lastKnownFileType = sourcecode.c.h; path = NERtcCallKitConsts.h; sourceTree = "<group>"; };
		48F6E6212563CF7E00624D6A /* NERtcCallOptions.h */ = {isa = PBXFileReference; fileEncoding = 4; lastKnownFileType = sourcecode.c.h; path = NERtcCallOptions.h; sourceTree = "<group>"; };
		48F6E6222563CF7E00624D6A /* NERtcCallOptions.m */ = {isa = PBXFileReference; fileEncoding = 4; lastKnownFileType = sourcecode.c.objc; path = NERtcCallOptions.m; sourceTree = "<group>"; };
		48F6E6232563CF7E00624D6A /* NERtcCallKit.m */ = {isa = PBXFileReference; fileEncoding = 4; lastKnownFileType = sourcecode.c.objc; path = NERtcCallKit.m; sourceTree = "<group>"; };
		48F6E6242563CF7E00624D6A /* NERtcCallKitDelegateProxy.m */ = {isa = PBXFileReference; fileEncoding = 4; lastKnownFileType = sourcecode.c.objc; path = NERtcCallKitDelegateProxy.m; sourceTree = "<group>"; };
		48F70BE52636534500BDF493 /* NERtcCallKitLog.h */ = {isa = PBXFileReference; lastKnownFileType = sourcecode.c.h; path = NERtcCallKitLog.h; sourceTree = "<group>"; };
		48F70BE62636534500BDF493 /* NERtcCallKitLog.m */ = {isa = PBXFileReference; lastKnownFileType = sourcecode.c.objc; path = NERtcCallKitLog.m; sourceTree = "<group>"; };
		48F70BE92636554100BDF493 /* NERtcCallKit-Prefix.h */ = {isa = PBXFileReference; lastKnownFileType = sourcecode.c.h; path = "NERtcCallKit-Prefix.h"; sourceTree = "<group>"; };
		C708128EB14DCDFF6CCC2127 /* libPods-NIMDemo-NERtcCallKit.a */ = {isa = PBXFileReference; explicitFileType = archive.ar; includeInIndex = 0; path = "libPods-NIMDemo-NERtcCallKit.a"; sourceTree = BUILT_PRODUCTS_DIR; };
		EEA4D69D9B665A550A768EC9 /* Pods-NIMDemo-NERtcCallKit.debug.xcconfig */ = {isa = PBXFileReference; includeInIndex = 1; lastKnownFileType = text.xcconfig; name = "Pods-NIMDemo-NERtcCallKit.debug.xcconfig"; path = "Target Support Files/Pods-NIMDemo-NERtcCallKit/Pods-NIMDemo-NERtcCallKit.debug.xcconfig"; sourceTree = "<group>"; };
/* End PBXFileReference section */

/* Begin PBXFrameworksBuildPhase section */
		4852E1662623F3D600B4C42E /* Frameworks */ = {
			isa = PBXFrameworksBuildPhase;
			buildActionMask = 2147483647;
			files = (
				FA3C6A1FFE2A94B2614CCC44 /* libPods-NIMDemo-NERtcCallKit.a in Frameworks */,
			);
			runOnlyForDeploymentPostprocessing = 0;
		};
/* End PBXFrameworksBuildPhase section */

/* Begin PBXGroup section */
		1B855CF6A6861F05664B0B0F /* Frameworks */ = {
			isa = PBXGroup;
			children = (
				C708128EB14DCDFF6CCC2127 /* libPods-NIMDemo-NERtcCallKit.a */,
			);
			name = Frameworks;
			sourceTree = "<group>";
		};
		4852E1882623F56F00B4C42E /* Supporting Files */ = {
			isa = PBXGroup;
			children = (
				48F70BE92636554100BDF493 /* NERtcCallKit-Prefix.h */,
				4852E16C2623F3D600B4C42E /* Info.plist */,
			);
			path = "Supporting Files";
			sourceTree = "<group>";
		};
		48BC60582624406F00603713 /* Compat */ = {
			isa = PBXGroup;
			children = (
				48BC606926244B2D00603713 /* INERtcCallKitCompat.h */,
				48BC6059262440CB00603713 /* NERtcCallKitCompat_1_0_0.h */,
				48BC605A262440CB00603713 /* NERtcCallKitCompat_1_0_0.m */,
				48BC605D262440E900603713 /* NERtcCallKitCompat_1_1_0.h */,
				48BC605E262440E900603713 /* NERtcCallKitCompat_1_1_0.m */,
				48BC606126244AF500603713 /* NERtcCallKitCompatFactory.h */,
				48BC606226244AF500603713 /* NERtcCallKitCompatFactory.m */,
			);
			path = Compat;
			sourceTree = "<group>";
		};
		48E73EE7256CB567002B841A /* Status */ = {
			isa = PBXGroup;
			children = (
				48E73EE3256CB4F5002B841A /* INERtcCallStatus.h */,
				48E73EE4256CB558002B841A /* NERtcCallStatusIdleImpl.h */,
				48E73EE5256CB558002B841A /* NERtcCallStatusIdleImpl.m */,
				48E73EF3256CEC4C002B841A /* NERtcCallStatusCallingImpl.h */,
				48E73EF4256CEC4C002B841A /* NERtcCallStatusCallingImpl.m */,
				48E73EF9256D0A84002B841A /* NERtcCallStatusCalledImpl.h */,
				48E73EFA256D0A84002B841A /* NERtcCallStatusCalledImpl.m */,
				48E73EFC256D2BD8002B841A /* NERtcCallStatusInCallImpl.h */,
				48E73EFD256D2BD8002B841A /* NERtcCallStatusInCallImpl.m */,
			);
			path = Status;
			sourceTree = "<group>";
		};
		48E73EF2256CE1E4002B841A /* Utils */ = {
			isa = PBXGroup;
			children = (
				48E73EEF256CE1DF002B841A /* NERtcCallKitUtils.h */,
				48E73EF0256CE1DF002B841A /* NERtcCallKitUtils.m */,
			);
			path = Utils;
			sourceTree = "<group>";
		};
		48EB8B15256E0A85000CE58F /* Consts */ = {
			isa = PBXGroup;
			children = (
				48F6E6202563CF7E00624D6A /* NERtcCallKitConsts.h */,
				48EB8B16256E0AA7000CE58F /* NERtcCallKitErrors.h */,
				48F70BE52636534500BDF493 /* NERtcCallKitLog.h */,
				48F70BE62636534500BDF493 /* NERtcCallKitLog.m */,
			);
			path = Consts;
			sourceTree = "<group>";
		};
		48F6E6092563CEB600624D6A = {
			isa = PBXGroup;
			children = (
				48F6E6142563CEB600624D6A /* NERtcCallKit */,
				48F6E6132563CEB600624D6A /* Products */,
				6090B9D2A4B588A29C3A7E96 /* Pods */,
				1B855CF6A6861F05664B0B0F /* Frameworks */,
			);
			sourceTree = "<group>";
		};
		48F6E6132563CEB600624D6A /* Products */ = {
			isa = PBXGroup;
			children = (
				4852E1692623F3D600B4C42E /* NERtcCallKit.framework */,
			);
			name = Products;
			sourceTree = "<group>";
		};
		48F6E6142563CEB600624D6A /* NERtcCallKit */ = {
			isa = PBXGroup;
			children = (
				48F6E61F2563CF7E00624D6A /* NERtcCallKit.h */,
				48F6E6232563CF7E00624D6A /* NERtcCallKit.m */,
				48F6E61E2563CF7E00624D6A /* NERtcCallKitDelegateProxy.h */,
				48F6E6242563CF7E00624D6A /* NERtcCallKitDelegateProxy.m */,
				48F6E6212563CF7E00624D6A /* NERtcCallOptions.h */,
				48F6E6222563CF7E00624D6A /* NERtcCallOptions.m */,
				48E73EEC256CE0F2002B841A /* NERtcCallKitContext.h */,
				48E73EED256CE0F2002B841A /* NERtcCallKitContext.m */,
				48E73EF6256CF4F6002B841A /* NERtcCallKit+Private.h */,
				4820BE8C261478940043D913 /* NERtcCallKit+Private.m */,
				48EB8B15256E0A85000CE58F /* Consts */,
				48E73EF2256CE1E4002B841A /* Utils */,
				48E73EE7256CB567002B841A /* Status */,
				48BC60582624406F00603713 /* Compat */,
				4852E1882623F56F00B4C42E /* Supporting Files */,
			);
			path = NERtcCallKit;
			sourceTree = "<group>";
		};
		6090B9D2A4B588A29C3A7E96 /* Pods */ = {
			isa = PBXGroup;
			children = (
				EEA4D69D9B665A550A768EC9 /* Pods-NIMDemo-NERtcCallKit.debug.xcconfig */,
				2A7C05027BB592A027661DD8 /* Pods-NIMDemo-NERtcCallKit.release.xcconfig */,
			);
			name = Pods;
			path = ../NIMDemo/Pods;
			sourceTree = "<group>";
		};
/* End PBXGroup section */

/* Begin PBXHeadersBuildPhase section */
		4852E1642623F3D600B4C42E /* Headers */ = {
			isa = PBXHeadersBuildPhase;
			buildActionMask = 2147483647;
			files = (
				4852E1712623F3E100B4C42E /* NERtcCallOptions.h in Headers */,
				4852E1722623F3F400B4C42E /* NERtcCallKitDelegateProxy.h in Headers */,
				48BC605B262440CB00603713 /* NERtcCallKitCompat_1_0_0.h in Headers */,
				4852E1732623F3F400B4C42E /* NERtcCallKitContext.h in Headers */,
				4852E1742623F3F400B4C42E /* NERtcCallKit+Private.h in Headers */,
				4852E1752623F3F400B4C42E /* NERtcCallKitConsts.h in Headers */,
				4852E1762623F3F400B4C42E /* NERtcCallKitErrors.h in Headers */,
				48BC606326244AF500603713 /* NERtcCallKitCompatFactory.h in Headers */,
				48BC606A26244B2D00603713 /* INERtcCallKitCompat.h in Headers */,
				4852E1772623F3F400B4C42E /* NERtcCallKitUtils.h in Headers */,
				4852E1782623F3F400B4C42E /* INERtcCallStatus.h in Headers */,
				48F70BE72636534500BDF493 /* NERtcCallKitLog.h in Headers */,
				48BC605F262440E900603713 /* NERtcCallKitCompat_1_1_0.h in Headers */,
				4852E1792623F3F400B4C42E /* NERtcCallStatusIdleImpl.h in Headers */,
				48F70BEA2636554100BDF493 /* NERtcCallKit-Prefix.h in Headers */,
				4852E17A2623F3F400B4C42E /* NERtcCallStatusCallingImpl.h in Headers */,
				487B50842625436E0032B323 /* NERtcCallKit.h in Headers */,
				4852E17B2623F3F400B4C42E /* NERtcCallStatusCalledImpl.h in Headers */,
				4852E17C2623F3F400B4C42E /* NERtcCallStatusInCallImpl.h in Headers */,
			);
			runOnlyForDeploymentPostprocessing = 0;
		};
/* End PBXHeadersBuildPhase section */

/* Begin PBXNativeTarget section */
		4852E1682623F3D600B4C42E /* NERtcCallKit */ = {
			isa = PBXNativeTarget;
			buildConfigurationList = 4852E16E2623F3D600B4C42E /* Build configuration list for PBXNativeTarget "NERtcCallKit" */;
			buildPhases = (
				6ED5E655803BB32991F1D63E /* [CP] Check Pods Manifest.lock */,
				4852E1642623F3D600B4C42E /* Headers */,
				4852E1652623F3D600B4C42E /* Sources */,
				4852E1662623F3D600B4C42E /* Frameworks */,
				4852E1672623F3D600B4C42E /* Resources */,
				FD398B8426296C3A00EF354C /* ShellScript */,
			);
			buildRules = (
			);
			dependencies = (
			);
			name = NERtcCallKit;
			productName = NERtcCallKit;
			productReference = 4852E1692623F3D600B4C42E /* NERtcCallKit.framework */;
			productType = "com.apple.product-type.framework";
		};
/* End PBXNativeTarget section */

/* Begin PBXProject section */
		48F6E60A2563CEB600624D6A /* Project object */ = {
			isa = PBXProject;
			attributes = {
				DefaultBuildSystemTypeForWorkspace = Original;
				LastUpgradeCheck = 1140;
				ORGANIZATIONNAME = "Wenchao Ding";
				TargetAttributes = {
					4852E1682623F3D600B4C42E = {
						CreatedOnToolsVersion = 11.4.1;
					};
				};
			};
			buildConfigurationList = 48F6E60D2563CEB600624D6A /* Build configuration list for PBXProject "NERtcCallKit" */;
			compatibilityVersion = "Xcode 9.3";
			developmentRegion = en;
			hasScannedForEncodings = 0;
			knownRegions = (
				en,
				Base,
			);
			mainGroup = 48F6E6092563CEB600624D6A;
			productRefGroup = 48F6E6132563CEB600624D6A /* Products */;
			projectDirPath = "";
			projectRoot = "";
			targets = (
				4852E1682623F3D600B4C42E /* NERtcCallKit */,
			);
		};
/* End PBXProject section */

/* Begin PBXResourcesBuildPhase section */
		4852E1672623F3D600B4C42E /* Resources */ = {
			isa = PBXResourcesBuildPhase;
			buildActionMask = 2147483647;
			files = (
			);
			runOnlyForDeploymentPostprocessing = 0;
		};
/* End PBXResourcesBuildPhase section */

/* Begin PBXShellScriptBuildPhase section */
		6ED5E655803BB32991F1D63E /* [CP] Check Pods Manifest.lock */ = {
			isa = PBXShellScriptBuildPhase;
			buildActionMask = 2147483647;
			files = (
			);
			inputFileListPaths = (
			);
			inputPaths = (
				"${PODS_PODFILE_DIR_PATH}/Podfile.lock",
				"${PODS_ROOT}/Manifest.lock",
			);
			name = "[CP] Check Pods Manifest.lock";
			outputFileListPaths = (
			);
			outputPaths = (
				"$(DERIVED_FILE_DIR)/Pods-NIMDemo-NERtcCallKit-checkManifestLockResult.txt",
			);
			runOnlyForDeploymentPostprocessing = 0;
			shellPath = /bin/sh;
			shellScript = "diff \"${PODS_PODFILE_DIR_PATH}/Podfile.lock\" \"${PODS_ROOT}/Manifest.lock\" > /dev/null\nif [ $? != 0 ] ; then\n    # print error to STDERR\n    echo \"error: The sandbox is not in sync with the Podfile.lock. Run 'pod install' or update your CocoaPods installation.\" >&2\n    exit 1\nfi\n# This output is used by Xcode 'outputs' to avoid re-running this script phase.\necho \"SUCCESS\" > \"${SCRIPT_OUTPUT_FILE_0}\"\n";
			showEnvVarsInLog = 0;
		};
		FD398B8426296C3A00EF354C /* ShellScript */ = {
			isa = PBXShellScriptBuildPhase;
			buildActionMask = 2147483647;
			files = (
			);
			inputFileListPaths = (
			);
			inputPaths = (
			);
			outputFileListPaths = (
			);
			outputPaths = (
			);
			runOnlyForDeploymentPostprocessing = 0;
			shellPath = /bin/sh;
			shellScript = "# Type a script or drag a script file from your workspace to insert its path.\nmarket_version=\"$MARKETING_VERSION\"\nsed -i \"\" \"s/\\*\\ kNERtcCallKitMarketVersion.*/\\*\\ kNERtcCallKitMarketVersion = @\\\"$market_version\\\";/\" ./NERtcCallKit/NERtcCallKit.m\n";
		};
/* End PBXShellScriptBuildPhase section */

/* Begin PBXSourcesBuildPhase section */
		4852E1652623F3D600B4C42E /* Sources */ = {
			isa = PBXSourcesBuildPhase;
			buildActionMask = 2147483647;
			files = (
				4852E17D2623F40700B4C42E /* NERtcCallKit.m in Sources */,
				4852E17E2623F40700B4C42E /* NERtcCallKitDelegateProxy.m in Sources */,
				4852E17F2623F40700B4C42E /* NERtcCallOptions.m in Sources */,
				48BC605C262440CB00603713 /* NERtcCallKitCompat_1_0_0.m in Sources */,
				4852E1802623F40700B4C42E /* NERtcCallKitContext.m in Sources */,
				4852E1812623F40700B4C42E /* NERtcCallKit+Private.m in Sources */,
				48BC606426244AF500603713 /* NERtcCallKitCompatFactory.m in Sources */,
				4852E1822623F40700B4C42E /* NERtcCallKitUtils.m in Sources */,
				4852E1832623F40700B4C42E /* NERtcCallStatusIdleImpl.m in Sources */,
				48BC6060262440E900603713 /* NERtcCallKitCompat_1_1_0.m in Sources */,
				4852E1842623F40700B4C42E /* NERtcCallStatusCallingImpl.m in Sources */,
				4852E1852623F40700B4C42E /* NERtcCallStatusCalledImpl.m in Sources */,
				48F70BE82636534500BDF493 /* NERtcCallKitLog.m in Sources */,
				4852E1862623F40700B4C42E /* NERtcCallStatusInCallImpl.m in Sources */,
			);
			runOnlyForDeploymentPostprocessing = 0;
		};
/* End PBXSourcesBuildPhase section */

/* Begin XCBuildConfiguration section */
		4852E16F2623F3D600B4C42E /* Debug */ = {
			isa = XCBuildConfiguration;
			baseConfigurationReference = EEA4D69D9B665A550A768EC9 /* Pods-NIMDemo-NERtcCallKit.debug.xcconfig */;
			buildSettings = {
				CODE_SIGN_STYLE = Automatic;
				CURRENT_PROJECT_VERSION = 1;
				DEBUG_INFORMATION_FORMAT = "dwarf-with-dsym";
				DEFINES_MODULE = YES;
				DEVELOPMENT_TEAM = 569GNZ5392;
				DYLIB_COMPATIBILITY_VERSION = 1;
				DYLIB_CURRENT_VERSION = 1;
				DYLIB_INSTALL_NAME_BASE = "@rpath";
				FRAMEWORK_SEARCH_PATHS = "$(inherited)";
				GCC_PREFIX_HEADER = "$SRCROOT/NERtcCallKit/Supporting Files/NERtcCallKit-Prefix.h";
				INFOPLIST_FILE = "NERtcCallKit/Supporting Files/Info.plist";
				INSTALL_PATH = "$(LOCAL_LIBRARY_DIR)/Frameworks";
				IPHONEOS_DEPLOYMENT_TARGET = 9.0;
				LD_RUNPATH_SEARCH_PATHS = (
					"$(inherited)",
					"@executable_path/Frameworks",
					"@loader_path/Frameworks",
				);
				MACH_O_TYPE = mh_dylib;
				MARKETING_VERSION = 1.2.1;
				PRODUCT_BUNDLE_IDENTIFIER = com.netease.yunxin.kit.call;
				PRODUCT_NAME = "$(TARGET_NAME:c99extidentifier)";
				SKIP_INSTALL = YES;
				SUPPORTS_MACCATALYST = NO;
				TARGETED_DEVICE_FAMILY = "1,2";
				VALID_ARCHS = "";
				VERSIONING_SYSTEM = "apple-generic";
				VERSION_INFO_PREFIX = "";
			};
			name = Debug;
		};
		4852E1702623F3D600B4C42E /* Release */ = {
			isa = XCBuildConfiguration;
			baseConfigurationReference = 2A7C05027BB592A027661DD8 /* Pods-NIMDemo-NERtcCallKit.release.xcconfig */;
			buildSettings = {
				CODE_SIGN_STYLE = Automatic;
				CURRENT_PROJECT_VERSION = 1;
				DEFINES_MODULE = YES;
				DEVELOPMENT_TEAM = 569GNZ5392;
				DYLIB_COMPATIBILITY_VERSION = 1;
				DYLIB_CURRENT_VERSION = 1;
				DYLIB_INSTALL_NAME_BASE = "@rpath";
				FRAMEWORK_SEARCH_PATHS = "$(inherited)";
				GCC_PREFIX_HEADER = "$SRCROOT/NERtcCallKit/Supporting Files/NERtcCallKit-Prefix.h";
				INFOPLIST_FILE = "NERtcCallKit/Supporting Files/Info.plist";
				INSTALL_PATH = "$(LOCAL_LIBRARY_DIR)/Frameworks";
				IPHONEOS_DEPLOYMENT_TARGET = 9.0;
				LD_RUNPATH_SEARCH_PATHS = (
					"$(inherited)",
					"@executable_path/Frameworks",
					"@loader_path/Frameworks",
				);
				MACH_O_TYPE = mh_dylib;
				MARKETING_VERSION = 1.2.1;
				PRODUCT_BUNDLE_IDENTIFIER = com.netease.yunxin.kit.call;
				PRODUCT_NAME = "$(TARGET_NAME:c99extidentifier)";
				SKIP_INSTALL = YES;
				SUPPORTS_MACCATALYST = NO;
				TARGETED_DEVICE_FAMILY = "1,2";
				VALID_ARCHS = "";
				VERSIONING_SYSTEM = "apple-generic";
				VERSION_INFO_PREFIX = "";
			};
			name = Release;
		};
		48F6E6192563CEB600624D6A /* Debug */ = {
			isa = XCBuildConfiguration;
			buildSettings = {
				ALWAYS_SEARCH_USER_PATHS = NO;
				CLANG_ANALYZER_NONNULL = YES;
				CLANG_ANALYZER_NUMBER_OBJECT_CONVERSION = YES_AGGRESSIVE;
				CLANG_CXX_LANGUAGE_STANDARD = "gnu++14";
				CLANG_CXX_LIBRARY = "libc++";
				CLANG_ENABLE_MODULES = YES;
				CLANG_ENABLE_OBJC_ARC = YES;
				CLANG_ENABLE_OBJC_WEAK = YES;
				CLANG_WARN_BLOCK_CAPTURE_AUTORELEASING = YES;
				CLANG_WARN_BOOL_CONVERSION = YES;
				CLANG_WARN_COMMA = YES;
				CLANG_WARN_CONSTANT_CONVERSION = YES;
				CLANG_WARN_DEPRECATED_OBJC_IMPLEMENTATIONS = YES;
				CLANG_WARN_DIRECT_OBJC_ISA_USAGE = YES_ERROR;
				CLANG_WARN_DOCUMENTATION_COMMENTS = YES;
				CLANG_WARN_EMPTY_BODY = YES;
				CLANG_WARN_ENUM_CONVERSION = YES;
				CLANG_WARN_INFINITE_RECURSION = YES;
				CLANG_WARN_INT_CONVERSION = YES;
				CLANG_WARN_NON_LITERAL_NULL_CONVERSION = YES;
				CLANG_WARN_OBJC_IMPLICIT_RETAIN_SELF = YES;
				CLANG_WARN_OBJC_LITERAL_CONVERSION = YES;
				CLANG_WARN_OBJC_ROOT_CLASS = YES_ERROR;
				CLANG_WARN_RANGE_LOOP_ANALYSIS = YES;
				CLANG_WARN_STRICT_PROTOTYPES = YES;
				CLANG_WARN_SUSPICIOUS_MOVE = YES;
				CLANG_WARN_UNGUARDED_AVAILABILITY = YES_AGGRESSIVE;
				CLANG_WARN_UNREACHABLE_CODE = YES;
				CLANG_WARN__DUPLICATE_METHOD_MATCH = YES;
				COPY_PHASE_STRIP = NO;
				DEBUG_INFORMATION_FORMAT = dwarf;
				ENABLE_STRICT_OBJC_MSGSEND = YES;
				ENABLE_TESTABILITY = YES;
				GCC_C_LANGUAGE_STANDARD = gnu11;
				GCC_DYNAMIC_NO_PIC = NO;
				GCC_NO_COMMON_BLOCKS = YES;
				GCC_OPTIMIZATION_LEVEL = 0;
				GCC_PREPROCESSOR_DEFINITIONS = (
					"DEBUG=1",
					"$(inherited)",
				);
				GCC_WARN_64_TO_32_BIT_CONVERSION = YES;
				GCC_WARN_ABOUT_RETURN_TYPE = YES_ERROR;
				GCC_WARN_UNDECLARED_SELECTOR = YES;
				GCC_WARN_UNINITIALIZED_AUTOS = YES_AGGRESSIVE;
				GCC_WARN_UNUSED_FUNCTION = YES;
				GCC_WARN_UNUSED_VARIABLE = YES;
				IPHONEOS_DEPLOYMENT_TARGET = 9.0;
				MTL_ENABLE_DEBUG_INFO = INCLUDE_SOURCE;
				MTL_FAST_MATH = YES;
				ONLY_ACTIVE_ARCH = YES;
				SDKROOT = iphoneos;
			};
			name = Debug;
		};
		48F6E61A2563CEB600624D6A /* Release */ = {
			isa = XCBuildConfiguration;
			buildSettings = {
				ALWAYS_SEARCH_USER_PATHS = NO;
				CLANG_ANALYZER_NONNULL = YES;
				CLANG_ANALYZER_NUMBER_OBJECT_CONVERSION = YES_AGGRESSIVE;
				CLANG_CXX_LANGUAGE_STANDARD = "gnu++14";
				CLANG_CXX_LIBRARY = "libc++";
				CLANG_ENABLE_MODULES = YES;
				CLANG_ENABLE_OBJC_ARC = YES;
				CLANG_ENABLE_OBJC_WEAK = YES;
				CLANG_WARN_BLOCK_CAPTURE_AUTORELEASING = YES;
				CLANG_WARN_BOOL_CONVERSION = YES;
				CLANG_WARN_COMMA = YES;
				CLANG_WARN_CONSTANT_CONVERSION = YES;
				CLANG_WARN_DEPRECATED_OBJC_IMPLEMENTATIONS = YES;
				CLANG_WARN_DIRECT_OBJC_ISA_USAGE = YES_ERROR;
				CLANG_WARN_DOCUMENTATION_COMMENTS = YES;
				CLANG_WARN_EMPTY_BODY = YES;
				CLANG_WARN_ENUM_CONVERSION = YES;
				CLANG_WARN_INFINITE_RECURSION = YES;
				CLANG_WARN_INT_CONVERSION = YES;
				CLANG_WARN_NON_LITERAL_NULL_CONVERSION = YES;
				CLANG_WARN_OBJC_IMPLICIT_RETAIN_SELF = YES;
				CLANG_WARN_OBJC_LITERAL_CONVERSION = YES;
				CLANG_WARN_OBJC_ROOT_CLASS = YES_ERROR;
				CLANG_WARN_RANGE_LOOP_ANALYSIS = YES;
				CLANG_WARN_STRICT_PROTOTYPES = YES;
				CLANG_WARN_SUSPICIOUS_MOVE = YES;
				CLANG_WARN_UNGUARDED_AVAILABILITY = YES_AGGRESSIVE;
				CLANG_WARN_UNREACHABLE_CODE = YES;
				CLANG_WARN__DUPLICATE_METHOD_MATCH = YES;
				COPY_PHASE_STRIP = NO;
				DEBUG_INFORMATION_FORMAT = "dwarf-with-dsym";
				ENABLE_NS_ASSERTIONS = NO;
				ENABLE_STRICT_OBJC_MSGSEND = YES;
				GCC_C_LANGUAGE_STANDARD = gnu11;
				GCC_NO_COMMON_BLOCKS = YES;
				GCC_WARN_64_TO_32_BIT_CONVERSION = YES;
				GCC_WARN_ABOUT_RETURN_TYPE = YES_ERROR;
				GCC_WARN_UNDECLARED_SELECTOR = YES;
				GCC_WARN_UNINITIALIZED_AUTOS = YES_AGGRESSIVE;
				GCC_WARN_UNUSED_FUNCTION = YES;
				GCC_WARN_UNUSED_VARIABLE = YES;
				IPHONEOS_DEPLOYMENT_TARGET = 9.0;
				MTL_ENABLE_DEBUG_INFO = NO;
				MTL_FAST_MATH = YES;
				SDKROOT = iphoneos;
				VALIDATE_PRODUCT = YES;
			};
			name = Release;
		};
/* End XCBuildConfiguration section */

/* Begin XCConfigurationList section */
		4852E16E2623F3D600B4C42E /* Build configuration list for PBXNativeTarget "NERtcCallKit" */ = {
			isa = XCConfigurationList;
			buildConfigurations = (
				4852E16F2623F3D600B4C42E /* Debug */,
				4852E1702623F3D600B4C42E /* Release */,
			);
			defaultConfigurationIsVisible = 0;
			defaultConfigurationName = Release;
		};
		48F6E60D2563CEB600624D6A /* Build configuration list for PBXProject "NERtcCallKit" */ = {
			isa = XCConfigurationList;
			buildConfigurations = (
				48F6E6192563CEB600624D6A /* Debug */,
				48F6E61A2563CEB600624D6A /* Release */,
			);
			defaultConfigurationIsVisible = 0;
			defaultConfigurationName = Release;
		};
/* End XCConfigurationList section */
	};
	rootObject = 48F6E60A2563CEB600624D6A /* Project object */;
}
